
Microsoft Visual Studio Solution File, Format Version 12.00
# Visual Studio 2013
VisualStudioVersion = 12.0.31101.0
MinimumVisualStudioVersion = 10.0.40219.1
Project("{FAE04EC0-301F-11D3-BF4B-00C04F79EFBC}") = "StageBeheersTool", "StageBeheersTool\StageBeheersTool.csproj", "{1B9D9393-9889-4C47-B4F6-1941023DDDD0}"
EndProject
Project("{FAE04EC0-301F-11D3-BF4B-00C04F79EFBC}") = "StageBeheersTool.Tests", "StageBeheersTool.Tests\StageBeheersTool.Tests.csproj", "{646F37C7-3699-46F1-862F-2F1D7CC71792}"
EndProject
Project("{FAE04EC0-301F-11D3-BF4B-00C04F79EFBC}") = "OudeGegevens", "OudeGegevens\OudeGegevens.csproj", "{16592152-D170-4B4C-945E-FB2EFF3FE0CA}"
EndProject
Global
	GlobalSection(SolutionConfigurationPlatforms) = preSolution
		Debug|Any CPU = Debug|Any CPU
		Release|Any CPU = Release|Any CPU
	EndGlobalSection
	GlobalSection(ProjectConfigurationPlatforms) = postSolution
		{1B9D9393-9889-4C47-B4F6-1941023DDDD0}.Debug|Any CPU.ActiveCfg = Debug|Any CPU
		{1B9D9393-9889-4C47-B4F6-1941023DDDD0}.Debug|Any CPU.Build.0 = Debug|Any CPU
		{1B9D9393-9889-4C47-B4F6-1941023DDDD0}.Release|Any CPU.ActiveCfg = Release|Any CPU
		{1B9D9393-9889-4C47-B4F6-1941023DDDD0}.Release|Any CPU.Build.0 = Release|Any CPU
		{646F37C7-3699-46F1-862F-2F1D7CC71792}.Debug|Any CPU.ActiveCfg = Debug|Any CPU
		{646F37C7-3699-46F1-862F-2F1D7CC71792}.Debug|Any CPU.Build.0 = Debug|Any CPU
		{646F37C7-3699-46F1-862F-2F1D7CC71792}.Release|Any CPU.ActiveCfg = Release|Any CPU
		{646F37C7-3699-46F1-862F-2F1D7CC71792}.Release|Any CPU.Build.0 = Release|Any CPU
		{16592152-D170-4B4C-945E-FB2EFF3FE0CA}.Debug|Any CPU.ActiveCfg = Debug|Any CPU
		{16592152-D170-4B4C-945E-FB2EFF3FE0CA}.Debug|Any CPU.Build.0 = Debug|Any CPU
		{16592152-D170-4B4C-945E-FB2EFF3FE0CA}.Release|Any CPU.ActiveCfg = Release|Any CPU
		{16592152-D170-4B4C-945E-FB2EFF3FE0CA}.Release|Any CPU.Build.0 = Release|Any CPU
	EndGlobalSection
	GlobalSection(SolutionProperties) = preSolution
		HideSolutionNode = FALSE
	EndGlobalSection
EndGlobal
